
Microsoft Visual Studio Solution File, Format Version 12.00
# Visual Studio Version 17
VisualStudioVersion = 17.9.34902.65
MinimumVisualStudioVersion = 10.0.40219.1
Project("{FAE04EC0-301F-11D3-BF4B-00C04F79EFBC}") = "Port80_443Detector", "Port80_443Detector.csproj", "{2D486EFC-7D2B-4FDF-B6EC-C5CC82F7DAA6}"
EndProject
Project("{FAE04EC0-301F-11D3-BF4B-00C04F79EFBC}") = "NetworkServices", "..\libs\NetworkServices\NetworkServices.csproj", "{8B1AB229-5908-4D81-AA00-A37D25924EEE}"
EndProject
Project("{FAE04EC0-301F-11D3-BF4B-00C04F79EFBC}") = "TerminalCommands", "..\libs\TerminalCommands\TerminalCommands.csproj", "{B8CFDFF3-9908-4E3D-B760-D280AB69C29B}"
EndProject
Global
	GlobalSection(SolutionConfigurationPlatforms) = preSolution
		Debug|Any CPU = Debug|Any CPU
		Release|Any CPU = Release|Any CPU
	EndGlobalSection
	GlobalSection(ProjectConfigurationPlatforms) = postSolution
		{2D486EFC-7D2B-4FDF-B6EC-C5CC82F7DAA6}.Debug|Any CPU.ActiveCfg = Debug|Any CPU
		{2D486EFC-7D2B-4FDF-B6EC-C5CC82F7DAA6}.Debug|Any CPU.Build.0 = Debug|Any CPU
		{2D486EFC-7D2B-4FDF-B6EC-C5CC82F7DAA6}.Release|Any CPU.ActiveCfg = Release|Any CPU
		{2D486EFC-7D2B-4FDF-B6EC-C5CC82F7DAA6}.Release|Any CPU.Build.0 = Release|Any CPU
		{8B1AB229-5908-4D81-AA00-A37D25924EEE}.Debug|Any CPU.ActiveCfg = Debug|Any CPU
		{8B1AB229-5908-4D81-AA00-A37D25924EEE}.Debug|Any CPU.Build.0 = Debug|Any CPU
		{8B1AB229-5908-4D81-AA00-A37D25924EEE}.Release|Any CPU.ActiveCfg = Release|Any CPU
		{8B1AB229-5908-4D81-AA00-A37D25924EEE}.Release|Any CPU.Build.0 = Release|Any CPU
		{B8CFDFF3-9908-4E3D-B760-D280AB69C29B}.Debug|Any CPU.ActiveCfg = Debug|Any CPU
		{B8CFDFF3-9908-4E3D-B760-D280AB69C29B}.Debug|Any CPU.Build.0 = Debug|Any CPU
		{B8CFDFF3-9908-4E3D-B760-D280AB69C29B}.Release|Any CPU.ActiveCfg = Release|Any CPU
		{B8CFDFF3-9908-4E3D-B760-D280AB69C29B}.Release|Any CPU.Build.0 = Release|Any CPU
	EndGlobalSection
	GlobalSection(SolutionProperties) = preSolution
		HideSolutionNode = FALSE
	EndGlobalSection
	GlobalSection(ExtensibilityGlobals) = postSolution
		SolutionGuid = {E3C65664-25B3-4E60-AE9B-6173998E3FEA}
	EndGlobalSection
EndGlobal
